
Microsoft Visual Studio Solution File, Format Version 12.00
# Visual Studio 14
VisualStudioVersion = 14.0.25420.1
MinimumVisualStudioVersion = 10.0.40219.1
Project("{FAE04EC0-301F-11D3-BF4B-00C04F79EFBC}") = "AtsWmsCS_6FetchPalletInfoOnLD", "AtsWmsCS_6FetchPalletInfoOnLD\AtsWmsCS_6FetchPalletInfoOnLD.csproj", "{08D5D501-2194-43C8-965D-983CAF59A3F2}"
EndProject
Project("{6141683F-8A12-4E36-9623-2EB02B2C2303}") = "AtsWmsCS_6FetchPalletSetup", "AtsWmsCS_6FetchPalletSetup\AtsWmsCS_6FetchPalletSetup.isproj", "{F6D42542-922D-4A8F-8A06-8452E1BFE973}"
	ProjectSection(ProjectDependencies) = postProject
		{08D5D501-2194-43C8-965D-983CAF59A3F2} = {08D5D501-2194-43C8-965D-983CAF59A3F2}
	EndProjectSection
EndProject
Project("{6141683F-8A12-4E36-9623-2EB02B2C2303}") = "AtsWmsCS_6FetchPalletInfoOnLDSetupTM", "AtsWmsCS_6FetchPalletInfoOnLDSetupTM\AtsWmsCS_6FetchPalletInfoOnLDSetupTM.isproj", "{8A0678C6-DA32-42B5-B29E-51696705CD49}"
	ProjectSection(ProjectDependencies) = postProject
		{08D5D501-2194-43C8-965D-983CAF59A3F2} = {08D5D501-2194-43C8-965D-983CAF59A3F2}
	EndProjectSection
EndProject
Project("{6141683F-8A12-4E36-9623-2EB02B2C2303}") = "AtsWmsCS_6FetchPalletSetupV1", "AtsWmsCS_6FetchPalletSetupV1\AtsWmsCS_6FetchPalletSetupV1.isproj", "{F54EFEA8-DC25-49CA-80BA-2B2D19E893F7}"
	ProjectSection(ProjectDependencies) = postProject
		{08D5D501-2194-43C8-965D-983CAF59A3F2} = {08D5D501-2194-43C8-965D-983CAF59A3F2}
	EndProjectSection
EndProject
Project("{6141683F-8A12-4E36-9623-2EB02B2C2303}") = "AtsWmsCSFetchPalletLDSetupV2", "AtsWmsCSFetchPalletLDSetupV2\AtsWmsCSFetchPalletLDSetupV2.isproj", "{37DFB900-97D8-4015-BFE1-E618F4C574B6}"
	ProjectSection(ProjectDependencies) = postProject
		{08D5D501-2194-43C8-965D-983CAF59A3F2} = {08D5D501-2194-43C8-965D-983CAF59A3F2}
	EndProjectSection
EndProject
Project("{6141683F-8A12-4E36-9623-2EB02B2C2303}") = "AtsWmsCSFetchPalletInfoOnLDSetupV3", "AtsWmsCSFetchPalletInfoOnLDSetupV3\AtsWmsCSFetchPalletInfoOnLDSetupV3.isproj", "{122DD4CC-26B4-44FE-9CF7-B50B60FBB170}"
	ProjectSection(ProjectDependencies) = postProject
		{08D5D501-2194-43C8-965D-983CAF59A3F2} = {08D5D501-2194-43C8-965D-983CAF59A3F2}
	EndProjectSection
EndProject
Project("{6141683F-8A12-4E36-9623-2EB02B2C2303}") = "AtsWmsCS_6FetchPalletInfoOnLDSetupV4", "AtsWmsCS_6FetchPalletInfoOnLDSetupV4\AtsWmsCS_6FetchPalletInfoOnLDSetupV4.isproj", "{AE147033-B7DC-4D9A-ABAF-2DBE9DFB04A0}"
	ProjectSection(ProjectDependencies) = postProject
		{08D5D501-2194-43C8-965D-983CAF59A3F2} = {08D5D501-2194-43C8-965D-983CAF59A3F2}
	EndProjectSection
EndProject
Project("{6141683F-8A12-4E36-9623-2EB02B2C2303}") = "AtsWmsCS_6FetchPalletInfoOnLDSetupV5", "AtsWmsCS_6FetchPalletInfoOnLDSetupV5\AtsWmsCS_6FetchPalletInfoOnLDSetupV5.isproj", "{27983B1B-3A67-4A6A-A21B-B2598075E5A2}"
	ProjectSection(ProjectDependencies) = postProject
		{08D5D501-2194-43C8-965D-983CAF59A3F2} = {08D5D501-2194-43C8-965D-983CAF59A3F2}
	EndProjectSection
EndProject
Global
	GlobalSection(SolutionConfigurationPlatforms) = preSolution
		CD_ROM|Any CPU = CD_ROM|Any CPU
		Debug|Any CPU = Debug|Any CPU
		DVD-5|Any CPU = DVD-5|Any CPU
		Release|Any CPU = Release|Any CPU
		SingleImage|Any CPU = SingleImage|Any CPU
	EndGlobalSection
	GlobalSection(ProjectConfigurationPlatforms) = postSolution
		{08D5D501-2194-43C8-965D-983CAF59A3F2}.CD_ROM|Any CPU.ActiveCfg = Release|Any CPU
		{08D5D501-2194-43C8-965D-983CAF59A3F2}.CD_ROM|Any CPU.Build.0 = Release|Any CPU
		{08D5D501-2194-43C8-965D-983CAF59A3F2}.Debug|Any CPU.ActiveCfg = Debug|Any CPU
		{08D5D501-2194-43C8-965D-983CAF59A3F2}.Debug|Any CPU.Build.0 = Debug|Any CPU
		{08D5D501-2194-43C8-965D-983CAF59A3F2}.DVD-5|Any CPU.ActiveCfg = Debug|Any CPU
		{08D5D501-2194-43C8-965D-983CAF59A3F2}.DVD-5|Any CPU.Build.0 = Debug|Any CPU
		{08D5D501-2194-43C8-965D-983CAF59A3F2}.Release|Any CPU.ActiveCfg = Release|Any CPU
		{08D5D501-2194-43C8-965D-983CAF59A3F2}.Release|Any CPU.Build.0 = Release|Any CPU
		{08D5D501-2194-43C8-965D-983CAF59A3F2}.SingleImage|Any CPU.ActiveCfg = Release|Any CPU
		{08D5D501-2194-43C8-965D-983CAF59A3F2}.SingleImage|Any CPU.Build.0 = Release|Any CPU
		{F6D42542-922D-4A8F-8A06-8452E1BFE973}.CD_ROM|Any CPU.ActiveCfg = CD_ROM
		{F6D42542-922D-4A8F-8A06-8452E1BFE973}.CD_ROM|Any CPU.Build.0 = CD_ROM
		{F6D42542-922D-4A8F-8A06-8452E1BFE973}.Debug|Any CPU.ActiveCfg = DVD-5
		{F6D42542-922D-4A8F-8A06-8452E1BFE973}.Debug|Any CPU.Build.0 = DVD-5
		{F6D42542-922D-4A8F-8A06-8452E1BFE973}.DVD-5|Any CPU.ActiveCfg = DVD-5
		{F6D42542-922D-4A8F-8A06-8452E1BFE973}.DVD-5|Any CPU.Build.0 = DVD-5
		{F6D42542-922D-4A8F-8A06-8452E1BFE973}.Release|Any CPU.ActiveCfg = SingleImage
		{F6D42542-922D-4A8F-8A06-8452E1BFE973}.Release|Any CPU.Build.0 = SingleImage
		{F6D42542-922D-4A8F-8A06-8452E1BFE973}.SingleImage|Any CPU.ActiveCfg = SingleImage
		{F6D42542-922D-4A8F-8A06-8452E1BFE973}.SingleImage|Any CPU.Build.0 = SingleImage
		{8A0678C6-DA32-42B5-B29E-51696705CD49}.CD_ROM|Any CPU.ActiveCfg = CD_ROM
		{8A0678C6-DA32-42B5-B29E-51696705CD49}.CD_ROM|Any CPU.Build.0 = CD_ROM
		{8A0678C6-DA32-42B5-B29E-51696705CD49}.Debug|Any CPU.ActiveCfg = DVD-5
		{8A0678C6-DA32-42B5-B29E-51696705CD49}.Debug|Any CPU.Build.0 = DVD-5
		{8A0678C6-DA32-42B5-B29E-51696705CD49}.DVD-5|Any CPU.ActiveCfg = DVD-5
		{8A0678C6-DA32-42B5-B29E-51696705CD49}.DVD-5|Any CPU.Build.0 = DVD-5
		{8A0678C6-DA32-42B5-B29E-51696705CD49}.Release|Any CPU.ActiveCfg = SingleImage
		{8A0678C6-DA32-42B5-B29E-51696705CD49}.Release|Any CPU.Build.0 = SingleImage
		{8A0678C6-DA32-42B5-B29E-51696705CD49}.SingleImage|Any CPU.ActiveCfg = SingleImage
		{8A0678C6-DA32-42B5-B29E-51696705CD49}.SingleImage|Any CPU.Build.0 = SingleImage
		{F54EFEA8-DC25-49CA-80BA-2B2D19E893F7}.CD_ROM|Any CPU.ActiveCfg = CD_ROM
		{F54EFEA8-DC25-49CA-80BA-2B2D19E893F7}.CD_ROM|Any CPU.Build.0 = CD_ROM
		{F54EFEA8-DC25-49CA-80BA-2B2D19E893F7}.Debug|Any CPU.ActiveCfg = DVD-5
		{F54EFEA8-DC25-49CA-80BA-2B2D19E893F7}.Debug|Any CPU.Build.0 = DVD-5
		{F54EFEA8-DC25-49CA-80BA-2B2D19E893F7}.DVD-5|Any CPU.ActiveCfg = DVD-5
		{F54EFEA8-DC25-49CA-80BA-2B2D19E893F7}.DVD-5|Any CPU.Build.0 = DVD-5
		{F54EFEA8-DC25-49CA-80BA-2B2D19E893F7}.Release|Any CPU.ActiveCfg = SingleImage
		{F54EFEA8-DC25-49CA-80BA-2B2D19E893F7}.Release|Any CPU.Build.0 = SingleImage
		{F54EFEA8-DC25-49CA-80BA-2B2D19E893F7}.SingleImage|Any CPU.ActiveCfg = SingleImage
		{F54EFEA8-DC25-49CA-80BA-2B2D19E893F7}.SingleImage|Any CPU.Build.0 = SingleImage
		{37DFB900-97D8-4015-BFE1-E618F4C574B6}.CD_ROM|Any CPU.ActiveCfg = CD_ROM
		{37DFB900-97D8-4015-BFE1-E618F4C574B6}.CD_ROM|Any CPU.Build.0 = CD_ROM
		{37DFB900-97D8-4015-BFE1-E618F4C574B6}.Debug|Any CPU.ActiveCfg = DVD-5
		{37DFB900-97D8-4015-BFE1-E618F4C574B6}.Debug|Any CPU.Build.0 = DVD-5
		{37DFB900-97D8-4015-BFE1-E618F4C574B6}.DVD-5|Any CPU.ActiveCfg = DVD-5
		{37DFB900-97D8-4015-BFE1-E618F4C574B6}.DVD-5|Any CPU.Build.0 = DVD-5
		{37DFB900-97D8-4015-BFE1-E618F4C574B6}.Release|Any CPU.ActiveCfg = SingleImage
		{37DFB900-97D8-4015-BFE1-E618F4C574B6}.Release|Any CPU.Build.0 = SingleImage
		{37DFB900-97D8-4015-BFE1-E618F4C574B6}.SingleImage|Any CPU.ActiveCfg = SingleImage
		{37DFB900-97D8-4015-BFE1-E618F4C574B6}.SingleImage|Any CPU.Build.0 = SingleImage
		{122DD4CC-26B4-44FE-9CF7-B50B60FBB170}.CD_ROM|Any CPU.ActiveCfg = CD_ROM
		{122DD4CC-26B4-44FE-9CF7-B50B60FBB170}.CD_ROM|Any CPU.Build.0 = CD_ROM
		{122DD4CC-26B4-44FE-9CF7-B50B60FBB170}.Debug|Any CPU.ActiveCfg = DVD-5
		{122DD4CC-26B4-44FE-9CF7-B50B60FBB170}.Debug|Any CPU.Build.0 = DVD-5
		{122DD4CC-26B4-44FE-9CF7-B50B60FBB170}.DVD-5|Any CPU.ActiveCfg = DVD-5
		{122DD4CC-26B4-44FE-9CF7-B50B60FBB170}.DVD-5|Any CPU.Build.0 = DVD-5
		{122DD4CC-26B4-44FE-9CF7-B50B60FBB170}.Release|Any CPU.ActiveCfg = SingleImage
		{122DD4CC-26B4-44FE-9CF7-B50B60FBB170}.Release|Any CPU.Build.0 = SingleImage
		{122DD4CC-26B4-44FE-9CF7-B50B60FBB170}.SingleImage|Any CPU.ActiveCfg = SingleImage
		{122DD4CC-26B4-44FE-9CF7-B50B60FBB170}.SingleImage|Any CPU.Build.0 = SingleImage
		{AE147033-B7DC-4D9A-ABAF-2DBE9DFB04A0}.CD_ROM|Any CPU.ActiveCfg = CD_ROM
		{AE147033-B7DC-4D9A-ABAF-2DBE9DFB04A0}.CD_ROM|Any CPU.Build.0 = CD_ROM
		{AE147033-B7DC-4D9A-ABAF-2DBE9DFB04A0}.Debug|Any CPU.ActiveCfg = DVD-5
		{AE147033-B7DC-4D9A-ABAF-2DBE9DFB04A0}.Debug|Any CPU.Build.0 = DVD-5
		{AE147033-B7DC-4D9A-ABAF-2DBE9DFB04A0}.DVD-5|Any CPU.ActiveCfg = DVD-5
		{AE147033-B7DC-4D9A-ABAF-2DBE9DFB04A0}.DVD-5|Any CPU.Build.0 = DVD-5
		{AE147033-B7DC-4D9A-ABAF-2DBE9DFB04A0}.Release|Any CPU.ActiveCfg = SingleImage
		{AE147033-B7DC-4D9A-ABAF-2DBE9DFB04A0}.Release|Any CPU.Build.0 = SingleImage
		{AE147033-B7DC-4D9A-ABAF-2DBE9DFB04A0}.SingleImage|Any CPU.ActiveCfg = SingleImage
		{AE147033-B7DC-4D9A-ABAF-2DBE9DFB04A0}.SingleImage|Any CPU.Build.0 = SingleImage
		{27983B1B-3A67-4A6A-A21B-B2598075E5A2}.CD_ROM|Any CPU.ActiveCfg = CD_ROM
		{27983B1B-3A67-4A6A-A21B-B2598075E5A2}.CD_ROM|Any CPU.Build.0 = CD_ROM
		{27983B1B-3A67-4A6A-A21B-B2598075E5A2}.Debug|Any CPU.ActiveCfg = DVD-5
		{27983B1B-3A67-4A6A-A21B-B2598075E5A2}.Debug|Any CPU.Build.0 = DVD-5
		{27983B1B-3A67-4A6A-A21B-B2598075E5A2}.DVD-5|Any CPU.ActiveCfg = DVD-5
		{27983B1B-3A67-4A6A-A21B-B2598075E5A2}.DVD-5|Any CPU.Build.0 = DVD-5
		{27983B1B-3A67-4A6A-A21B-B2598075E5A2}.Release|Any CPU.ActiveCfg = SingleImage
		{27983B1B-3A67-4A6A-A21B-B2598075E5A2}.Release|Any CPU.Build.0 = SingleImage
		{27983B1B-3A67-4A6A-A21B-B2598075E5A2}.SingleImage|Any CPU.ActiveCfg = SingleImage
		{27983B1B-3A67-4A6A-A21B-B2598075E5A2}.SingleImage|Any CPU.Build.0 = SingleImage
	EndGlobalSection
	GlobalSection(SolutionProperties) = preSolution
		HideSolutionNode = FALSE
	EndGlobalSection
EndGlobal
